
Microsoft Visual Studio Solution File, Format Version 12.00
# Visual Studio Version 17
VisualStudioVersion = 17.13.35931.197 d17.13
MinimumVisualStudioVersion = 10.0.40219.1
Project("{FAE04EC0-301F-11D3-BF4B-00C04F79EFBC}") = "Infragistics.QueryBuilder.Executor", "Infragistics.QueryBuilder.Executor.csproj", "{96CF7D98-2EBD-4966-9EEE-89D069FE5520}"
EndProject
Global
	GlobalSection(SolutionConfigurationPlatforms) = preSolution
		Debug|Any CPU = Debug|Any CPU
		Release|Any CPU = Release|Any CPU
	EndGlobalSection
	GlobalSection(ProjectConfigurationPlatforms) = postSolution
		{96CF7D98-2EBD-4966-9EEE-89D069FE5520}.Debug|Any CPU.ActiveCfg = Debug|Any CPU
		{96CF7D98-2EBD-4966-9EEE-89D069FE5520}.Debug|Any CPU.Build.0 = Debug|Any CPU
		{96CF7D98-2EBD-4966-9EEE-89D069FE5520}.Release|Any CPU.ActiveCfg = Release|Any CPU
		{96CF7D98-2EBD-4966-9EEE-89D069FE5520}.Release|Any CPU.Build.0 = Release|Any CPU
	EndGlobalSection
	GlobalSection(SolutionProperties) = preSolution
		HideSolutionNode = FALSE
	EndGlobalSection
	GlobalSection(ExtensibilityGlobals) = postSolution
		SolutionGuid = {53BAE2EB-D552-4662-BFA5-A20992C07682}
	EndGlobalSection
EndGlobal
